// !$*UTF8*$!
{
	archiveVersion = 1;
	classes = {
	};
	objectVersion = 50;
	objects = {

/* Begin PBXBuildFile section */
		1D7231D919542CEEBA509CEF /* Pods_iOS_Weather_AppUITests.framework in Frameworks */ = {isa = PBXBuildFile; fileRef = 77AEAC7E277AD0AF1CAE057D /* Pods_iOS_Weather_AppUITests.framework */; };
		8EE9D4F73CC9615B09029D2B /* Pods_iOS_Weather_App.framework in Frameworks */ = {isa = PBXBuildFile; fileRef = 78D6637A8975336CE5E10814 /* Pods_iOS_Weather_App.framework */; };
		C4D9D17F9965BFB5F38FE52A /* Pods_iOS_Weather_AppTests.framework in Frameworks */ = {isa = PBXBuildFile; fileRef = D781A10C6B3719A4C0CD9A5D /* Pods_iOS_Weather_AppTests.framework */; };
		EC214640215CBC88006D3D40 /* AppDelegate.swift in Sources */ = {isa = PBXBuildFile; fileRef = EC21463F215CBC88006D3D40 /* AppDelegate.swift */; };
		EC214642215CBC88006D3D40 /* ViewController.swift in Sources */ = {isa = PBXBuildFile; fileRef = EC214641215CBC88006D3D40 /* ViewController.swift */; };
		EC214645215CBC88006D3D40 /* Main.storyboard in Resources */ = {isa = PBXBuildFile; fileRef = EC214643215CBC88006D3D40 /* Main.storyboard */; };
		EC214647215CBC8A006D3D40 /* Assets.xcassets in Resources */ = {isa = PBXBuildFile; fileRef = EC214646215CBC8A006D3D40 /* Assets.xcassets */; };
		EC21464A215CBC8A006D3D40 /* LaunchScreen.storyboard in Resources */ = {isa = PBXBuildFile; fileRef = EC214648215CBC8A006D3D40 /* LaunchScreen.storyboard */; };
		EC214655215CBC8A006D3D40 /* iOS_Weather_AppTests.swift in Sources */ = {isa = PBXBuildFile; fileRef = EC214654215CBC8A006D3D40 /* iOS_Weather_AppTests.swift */; };
		EC214660215CBC8A006D3D40 /* iOS_Weather_AppUITests.swift in Sources */ = {isa = PBXBuildFile; fileRef = EC21465F215CBC8A006D3D40 /* iOS_Weather_AppUITests.swift */; };
		ECC4990D215CC2D000D5F393 /* Homepage_Presenter.swift in Sources */ = {isa = PBXBuildFile; fileRef = ECC49907215CC2D000D5F393 /* Homepage_Presenter.swift */; };
		ECC4990E215CC2D000D5F393 /* Homepage_Router.swift in Sources */ = {isa = PBXBuildFile; fileRef = ECC49908215CC2D000D5F393 /* Homepage_Router.swift */; };
		ECC4990F215CC2D000D5F393 /* Homepage_ViewController.swift in Sources */ = {isa = PBXBuildFile; fileRef = ECC49909215CC2D000D5F393 /* Homepage_ViewController.swift */; };
		ECC49910215CC2D000D5F393 /* Homepage_Protocols.swift in Sources */ = {isa = PBXBuildFile; fileRef = ECC4990A215CC2D000D5F393 /* Homepage_Protocols.swift */; };
		ECC49911215CC2D000D5F393 /* Homepage_Interactor.swift in Sources */ = {isa = PBXBuildFile; fileRef = ECC4990B215CC2D000D5F393 /* Homepage_Interactor.swift */; };
		ECC49912215CC2D000D5F393 /* Homepage_ViewController.xib in Resources */ = {isa = PBXBuildFile; fileRef = ECC4990C215CC2D000D5F393 /* Homepage_ViewController.xib */; };
/* End PBXBuildFile section */

/* Begin PBXContainerItemProxy section */
		EC214651215CBC8A006D3D40 /* PBXContainerItemProxy */ = {
			isa = PBXContainerItemProxy;
			containerPortal = EC214634215CBC88006D3D40 /* Project object */;
			proxyType = 1;
			remoteGlobalIDString = EC21463B215CBC88006D3D40;
			remoteInfo = "iOS-Weather-App";
		};
		EC21465C215CBC8A006D3D40 /* PBXContainerItemProxy */ = {
			isa = PBXContainerItemProxy;
			containerPortal = EC214634215CBC88006D3D40 /* Project object */;
			proxyType = 1;
			remoteGlobalIDString = EC21463B215CBC88006D3D40;
			remoteInfo = "iOS-Weather-App";
		};
/* End PBXContainerItemProxy section */

/* Begin PBXFileReference section */
		08CBDAA6D86A8CD6928F06A0 /* Pods-iOS-Weather-AppUITests.release.xcconfig */ = {isa = PBXFileReference; includeInIndex = 1; lastKnownFileType = text.xcconfig; name = "Pods-iOS-Weather-AppUITests.release.xcconfig"; path = "Pods/Target Support Files/Pods-iOS-Weather-AppUITests/Pods-iOS-Weather-AppUITests.release.xcconfig"; sourceTree = "<group>"; };
		77AEAC7E277AD0AF1CAE057D /* Pods_iOS_Weather_AppUITests.framework */ = {isa = PBXFileReference; explicitFileType = wrapper.framework; includeInIndex = 0; path = Pods_iOS_Weather_AppUITests.framework; sourceTree = BUILT_PRODUCTS_DIR; };
		78D6637A8975336CE5E10814 /* Pods_iOS_Weather_App.framework */ = {isa = PBXFileReference; explicitFileType = wrapper.framework; includeInIndex = 0; path = Pods_iOS_Weather_App.framework; sourceTree = BUILT_PRODUCTS_DIR; };
		821AF5184B0B8184B18FB680 /* Pods-iOS-Weather-AppUITests.debug.xcconfig */ = {isa = PBXFileReference; includeInIndex = 1; lastKnownFileType = text.xcconfig; name = "Pods-iOS-Weather-AppUITests.debug.xcconfig"; path = "Pods/Target Support Files/Pods-iOS-Weather-AppUITests/Pods-iOS-Weather-AppUITests.debug.xcconfig"; sourceTree = "<group>"; };
		844FDE21924CD5B67212B0AF /* Pods-iOS-Weather-App.debug.xcconfig */ = {isa = PBXFileReference; includeInIndex = 1; lastKnownFileType = text.xcconfig; name = "Pods-iOS-Weather-App.debug.xcconfig"; path = "Pods/Target Support Files/Pods-iOS-Weather-App/Pods-iOS-Weather-App.debug.xcconfig"; sourceTree = "<group>"; };
		BF0AB82436E114F3EFA1C1EF /* Pods-iOS-Weather-App.release.xcconfig */ = {isa = PBXFileReference; includeInIndex = 1; lastKnownFileType = text.xcconfig; name = "Pods-iOS-Weather-App.release.xcconfig"; path = "Pods/Target Support Files/Pods-iOS-Weather-App/Pods-iOS-Weather-App.release.xcconfig"; sourceTree = "<group>"; };
		C6F16F9BB76E5702E618FA20 /* Pods-iOS-Weather-AppTests.release.xcconfig */ = {isa = PBXFileReference; includeInIndex = 1; lastKnownFileType = text.xcconfig; name = "Pods-iOS-Weather-AppTests.release.xcconfig"; path = "Pods/Target Support Files/Pods-iOS-Weather-AppTests/Pods-iOS-Weather-AppTests.release.xcconfig"; sourceTree = "<group>"; };
		D011152A9A5789B0F0BBDE8F /* Pods-iOS-Weather-AppTests.debug.xcconfig */ = {isa = PBXFileReference; includeInIndex = 1; lastKnownFileType = text.xcconfig; name = "Pods-iOS-Weather-AppTests.debug.xcconfig"; path = "Pods/Target Support Files/Pods-iOS-Weather-AppTests/Pods-iOS-Weather-AppTests.debug.xcconfig"; sourceTree = "<group>"; };
		D781A10C6B3719A4C0CD9A5D /* Pods_iOS_Weather_AppTests.framework */ = {isa = PBXFileReference; explicitFileType = wrapper.framework; includeInIndex = 0; path = Pods_iOS_Weather_AppTests.framework; sourceTree = BUILT_PRODUCTS_DIR; };
		EC21463C215CBC88006D3D40 /* iOS-Weather-App.app */ = {isa = PBXFileReference; explicitFileType = wrapper.application; includeInIndex = 0; path = "iOS-Weather-App.app"; sourceTree = BUILT_PRODUCTS_DIR; };
		EC21463F215CBC88006D3D40 /* AppDelegate.swift */ = {isa = PBXFileReference; lastKnownFileType = sourcecode.swift; path = AppDelegate.swift; sourceTree = "<group>"; };
		EC214641215CBC88006D3D40 /* ViewController.swift */ = {isa = PBXFileReference; lastKnownFileType = sourcecode.swift; path = ViewController.swift; sourceTree = "<group>"; };
		EC214644215CBC88006D3D40 /* Base */ = {isa = PBXFileReference; lastKnownFileType = file.storyboard; name = Base; path = Base.lproj/Main.storyboard; sourceTree = "<group>"; };
		EC214646215CBC8A006D3D40 /* Assets.xcassets */ = {isa = PBXFileReference; lastKnownFileType = folder.assetcatalog; path = Assets.xcassets; sourceTree = "<group>"; };
		EC214649215CBC8A006D3D40 /* Base */ = {isa = PBXFileReference; lastKnownFileType = file.storyboard; name = Base; path = Base.lproj/LaunchScreen.storyboard; sourceTree = "<group>"; };
		EC21464B215CBC8A006D3D40 /* Info.plist */ = {isa = PBXFileReference; lastKnownFileType = text.plist.xml; path = Info.plist; sourceTree = "<group>"; };
		EC214650215CBC8A006D3D40 /* iOS-Weather-AppTests.xctest */ = {isa = PBXFileReference; explicitFileType = wrapper.cfbundle; includeInIndex = 0; path = "iOS-Weather-AppTests.xctest"; sourceTree = BUILT_PRODUCTS_DIR; };
		EC214654215CBC8A006D3D40 /* iOS_Weather_AppTests.swift */ = {isa = PBXFileReference; lastKnownFileType = sourcecode.swift; path = iOS_Weather_AppTests.swift; sourceTree = "<group>"; };
		EC214656215CBC8A006D3D40 /* Info.plist */ = {isa = PBXFileReference; lastKnownFileType = text.plist.xml; path = Info.plist; sourceTree = "<group>"; };
		EC21465B215CBC8A006D3D40 /* iOS-Weather-AppUITests.xctest */ = {isa = PBXFileReference; explicitFileType = wrapper.cfbundle; includeInIndex = 0; path = "iOS-Weather-AppUITests.xctest"; sourceTree = BUILT_PRODUCTS_DIR; };
		EC21465F215CBC8A006D3D40 /* iOS_Weather_AppUITests.swift */ = {isa = PBXFileReference; lastKnownFileType = sourcecode.swift; path = iOS_Weather_AppUITests.swift; sourceTree = "<group>"; };
		EC214661215CBC8A006D3D40 /* Info.plist */ = {isa = PBXFileReference; lastKnownFileType = text.plist.xml; path = Info.plist; sourceTree = "<group>"; };
		ECC49907215CC2D000D5F393 /* Homepage_Presenter.swift */ = {isa = PBXFileReference; lastKnownFileType = sourcecode.swift; path = Homepage_Presenter.swift; sourceTree = "<group>"; };
		ECC49908215CC2D000D5F393 /* Homepage_Router.swift */ = {isa = PBXFileReference; lastKnownFileType = sourcecode.swift; path = Homepage_Router.swift; sourceTree = "<group>"; };
		ECC49909215CC2D000D5F393 /* Homepage_ViewController.swift */ = {isa = PBXFileReference; lastKnownFileType = sourcecode.swift; path = Homepage_ViewController.swift; sourceTree = "<group>"; };
		ECC4990A215CC2D000D5F393 /* Homepage_Protocols.swift */ = {isa = PBXFileReference; lastKnownFileType = sourcecode.swift; path = Homepage_Protocols.swift; sourceTree = "<group>"; };
		ECC4990B215CC2D000D5F393 /* Homepage_Interactor.swift */ = {isa = PBXFileReference; lastKnownFileType = sourcecode.swift; path = Homepage_Interactor.swift; sourceTree = "<group>"; };
		ECC4990C215CC2D000D5F393 /* Homepage_ViewController.xib */ = {isa = PBXFileReference; lastKnownFileType = file.xib; path = Homepage_ViewController.xib; sourceTree = "<group>"; };
/* End PBXFileReference section */

/* Begin PBXFrameworksBuildPhase section */
		EC214639215CBC88006D3D40 /* Frameworks */ = {
			isa = PBXFrameworksBuildPhase;
			buildActionMask = 2147483647;
			files = (
				8EE9D4F73CC9615B09029D2B /* Pods_iOS_Weather_App.framework in Frameworks */,
			);
			runOnlyForDeploymentPostprocessing = 0;
		};
		EC21464D215CBC8A006D3D40 /* Frameworks */ = {
			isa = PBXFrameworksBuildPhase;
			buildActionMask = 2147483647;
			files = (
				C4D9D17F9965BFB5F38FE52A /* Pods_iOS_Weather_AppTests.framework in Frameworks */,
			);
			runOnlyForDeploymentPostprocessing = 0;
		};
		EC214658215CBC8A006D3D40 /* Frameworks */ = {
			isa = PBXFrameworksBuildPhase;
			buildActionMask = 2147483647;
			files = (
				1D7231D919542CEEBA509CEF /* Pods_iOS_Weather_AppUITests.framework in Frameworks */,
			);
			runOnlyForDeploymentPostprocessing = 0;
		};
/* End PBXFrameworksBuildPhase section */

/* Begin PBXGroup section */
		B1BD33A9524046FB68016F7A /* Frameworks */ = {
			isa = PBXGroup;
			children = (
				78D6637A8975336CE5E10814 /* Pods_iOS_Weather_App.framework */,
				D781A10C6B3719A4C0CD9A5D /* Pods_iOS_Weather_AppTests.framework */,
				77AEAC7E277AD0AF1CAE057D /* Pods_iOS_Weather_AppUITests.framework */,
			);
			name = Frameworks;
			sourceTree = "<group>";
		};
		EC214633215CBC88006D3D40 = {
			isa = PBXGroup;
			children = (
				EC21463E215CBC88006D3D40 /* iOS-Weather-App */,
				EC214653215CBC8A006D3D40 /* iOS-Weather-AppTests */,
				EC21465E215CBC8A006D3D40 /* iOS-Weather-AppUITests */,
				EC21463D215CBC88006D3D40 /* Products */,
				EF349CAAAC4F33E6D12E0FC7 /* Pods */,
				B1BD33A9524046FB68016F7A /* Frameworks */,
			);
			sourceTree = "<group>";
		};
		EC21463D215CBC88006D3D40 /* Products */ = {
			isa = PBXGroup;
			children = (
				EC21463C215CBC88006D3D40 /* iOS-Weather-App.app */,
				EC214650215CBC8A006D3D40 /* iOS-Weather-AppTests.xctest */,
				EC21465B215CBC8A006D3D40 /* iOS-Weather-AppUITests.xctest */,
			);
			name = Products;
			sourceTree = "<group>";
		};
		EC21463E215CBC88006D3D40 /* iOS-Weather-App */ = {
			isa = PBXGroup;
			children = (
				EC214670215CC199006D3D40 /* app-module */,
				EC21466F215CBF96006D3D40 /* app-resource */,
				EC21466E215CBF80006D3D40 /* app-ui */,
				EC21466D215CBF71006D3D40 /* app-config */,
				EC214641215CBC88006D3D40 /* ViewController.swift */,
				EC21464B215CBC8A006D3D40 /* Info.plist */,
			);
			path = "iOS-Weather-App";
			sourceTree = "<group>";
		};
		EC214653215CBC8A006D3D40 /* iOS-Weather-AppTests */ = {
			isa = PBXGroup;
			children = (
				EC214654215CBC8A006D3D40 /* iOS_Weather_AppTests.swift */,
				EC214656215CBC8A006D3D40 /* Info.plist */,
			);
			path = "iOS-Weather-AppTests";
			sourceTree = "<group>";
		};
		EC21465E215CBC8A006D3D40 /* iOS-Weather-AppUITests */ = {
			isa = PBXGroup;
			children = (
				EC21465F215CBC8A006D3D40 /* iOS_Weather_AppUITests.swift */,
				EC214661215CBC8A006D3D40 /* Info.plist */,
			);
			path = "iOS-Weather-AppUITests";
			sourceTree = "<group>";
		};
		EC21466D215CBF71006D3D40 /* app-config */ = {
			isa = PBXGroup;
			children = (
				EC21463F215CBC88006D3D40 /* AppDelegate.swift */,
			);
			path = "app-config";
			sourceTree = "<group>";
		};
		EC21466E215CBF80006D3D40 /* app-ui */ = {
			isa = PBXGroup;
			children = (
				EC214643215CBC88006D3D40 /* Main.storyboard */,
				EC214648215CBC8A006D3D40 /* LaunchScreen.storyboard */,
			);
			path = "app-ui";
			sourceTree = "<group>";
		};
		EC21466F215CBF96006D3D40 /* app-resource */ = {
			isa = PBXGroup;
			children = (
				EC214646215CBC8A006D3D40 /* Assets.xcassets */,
			);
			path = "app-resource";
			sourceTree = "<group>";
		};
		EC214670215CC199006D3D40 /* app-module */ = {
			isa = PBXGroup;
			children = (
				EC214671215CC1A5006D3D40 /* homepage */,
			);
			path = "app-module";
			sourceTree = "<group>";
		};
		EC214671215CC1A5006D3D40 /* homepage */ = {
			isa = PBXGroup;
			children = (
				ECC49907215CC2D000D5F393 /* Homepage_Presenter.swift */,
				ECC49908215CC2D000D5F393 /* Homepage_Router.swift */,
				ECC49909215CC2D000D5F393 /* Homepage_ViewController.swift */,
				ECC4990A215CC2D000D5F393 /* Homepage_Protocols.swift */,
				ECC4990B215CC2D000D5F393 /* Homepage_Interactor.swift */,
				ECC4990C215CC2D000D5F393 /* Homepage_ViewController.xib */,
			);
			path = homepage;
			sourceTree = "<group>";
		};
		EF349CAAAC4F33E6D12E0FC7 /* Pods */ = {
			isa = PBXGroup;
			children = (
				844FDE21924CD5B67212B0AF /* Pods-iOS-Weather-App.debug.xcconfig */,
				BF0AB82436E114F3EFA1C1EF /* Pods-iOS-Weather-App.release.xcconfig */,
				D011152A9A5789B0F0BBDE8F /* Pods-iOS-Weather-AppTests.debug.xcconfig */,
				C6F16F9BB76E5702E618FA20 /* Pods-iOS-Weather-AppTests.release.xcconfig */,
				821AF5184B0B8184B18FB680 /* Pods-iOS-Weather-AppUITests.debug.xcconfig */,
				08CBDAA6D86A8CD6928F06A0 /* Pods-iOS-Weather-AppUITests.release.xcconfig */,
			);
			name = Pods;
			sourceTree = "<group>";
		};
/* End PBXGroup section */

/* Begin PBXNativeTarget section */
		EC21463B215CBC88006D3D40 /* iOS-Weather-App */ = {
			isa = PBXNativeTarget;
			buildConfigurationList = EC214664215CBC8A006D3D40 /* Build configuration list for PBXNativeTarget "iOS-Weather-App" */;
			buildPhases = (
				87C8E84F9AEF597B5D81C40C /* [CP] Check Pods Manifest.lock */,
				EC214638215CBC88006D3D40 /* Sources */,
				EC214639215CBC88006D3D40 /* Frameworks */,
				EC21463A215CBC88006D3D40 /* Resources */,
				1B2C9061D5230EA21546A617 /* [CP] Embed Pods Frameworks */,
			);
			buildRules = (
			);
			dependencies = (
			);
			name = "iOS-Weather-App";
			productName = "iOS-Weather-App";
			productReference = EC21463C215CBC88006D3D40 /* iOS-Weather-App.app */;
			productType = "com.apple.product-type.application";
		};
		EC21464F215CBC8A006D3D40 /* iOS-Weather-AppTests */ = {
			isa = PBXNativeTarget;
			buildConfigurationList = EC214667215CBC8A006D3D40 /* Build configuration list for PBXNativeTarget "iOS-Weather-AppTests" */;
			buildPhases = (
				0ABC4C030249269CE8E30946 /* [CP] Check Pods Manifest.lock */,
				EC21464C215CBC8A006D3D40 /* Sources */,
				EC21464D215CBC8A006D3D40 /* Frameworks */,
				EC21464E215CBC8A006D3D40 /* Resources */,
			);
			buildRules = (
			);
			dependencies = (
				EC214652215CBC8A006D3D40 /* PBXTargetDependency */,
			);
			name = "iOS-Weather-AppTests";
			productName = "iOS-Weather-AppTests";
			productReference = EC214650215CBC8A006D3D40 /* iOS-Weather-AppTests.xctest */;
			productType = "com.apple.product-type.bundle.unit-test";
		};
		EC21465A215CBC8A006D3D40 /* iOS-Weather-AppUITests */ = {
			isa = PBXNativeTarget;
			buildConfigurationList = EC21466A215CBC8A006D3D40 /* Build configuration list for PBXNativeTarget "iOS-Weather-AppUITests" */;
			buildPhases = (
				3BC16D91282252A8D1B2474A /* [CP] Check Pods Manifest.lock */,
				EC214657215CBC8A006D3D40 /* Sources */,
				EC214658215CBC8A006D3D40 /* Frameworks */,
				EC214659215CBC8A006D3D40 /* Resources */,
			);
			buildRules = (
			);
			dependencies = (
				EC21465D215CBC8A006D3D40 /* PBXTargetDependency */,
			);
			name = "iOS-Weather-AppUITests";
			productName = "iOS-Weather-AppUITests";
			productReference = EC21465B215CBC8A006D3D40 /* iOS-Weather-AppUITests.xctest */;
			productType = "com.apple.product-type.bundle.ui-testing";
		};
/* End PBXNativeTarget section */

/* Begin PBXProject section */
		EC214634215CBC88006D3D40 /* Project object */ = {
			isa = PBXProject;
			attributes = {
				LastSwiftUpdateCheck = 1000;
				LastUpgradeCheck = 1000;
				ORGANIZATIONNAME = Bridgetech;
				TargetAttributes = {
					EC21463B215CBC88006D3D40 = {
						CreatedOnToolsVersion = 10.0;
					};
					EC21464F215CBC8A006D3D40 = {
						CreatedOnToolsVersion = 10.0;
						TestTargetID = EC21463B215CBC88006D3D40;
					};
					EC21465A215CBC8A006D3D40 = {
						CreatedOnToolsVersion = 10.0;
						TestTargetID = EC21463B215CBC88006D3D40;
					};
				};
			};
			buildConfigurationList = EC214637215CBC88006D3D40 /* Build configuration list for PBXProject "iOS-Weather-App" */;
			compatibilityVersion = "Xcode 9.3";
			developmentRegion = en;
			hasScannedForEncodings = 0;
			knownRegions = (
				en,
				Base,
			);
			mainGroup = EC214633215CBC88006D3D40;
			productRefGroup = EC21463D215CBC88006D3D40 /* Products */;
			projectDirPath = "";
			projectRoot = "";
			targets = (
				EC21463B215CBC88006D3D40 /* iOS-Weather-App */,
				EC21464F215CBC8A006D3D40 /* iOS-Weather-AppTests */,
				EC21465A215CBC8A006D3D40 /* iOS-Weather-AppUITests */,
			);
		};
/* End PBXProject section */

/* Begin PBXResourcesBuildPhase section */
		EC21463A215CBC88006D3D40 /* Resources */ = {
			isa = PBXResourcesBuildPhase;
			buildActionMask = 2147483647;
			files = (
				ECC49912215CC2D000D5F393 /* Homepage_ViewController.xib in Resources */,
				EC21464A215CBC8A006D3D40 /* LaunchScreen.storyboard in Resources */,
				EC214647215CBC8A006D3D40 /* Assets.xcassets in Resources */,
				EC214645215CBC88006D3D40 /* Main.storyboard in Resources */,
			);
			runOnlyForDeploymentPostprocessing = 0;
		};
		EC21464E215CBC8A006D3D40 /* Resources */ = {
			isa = PBXResourcesBuildPhase;
			buildActionMask = 2147483647;
			files = (
			);
			runOnlyForDeploymentPostprocessing = 0;
		};
		EC214659215CBC8A006D3D40 /* Resources */ = {
			isa = PBXResourcesBuildPhase;
			buildActionMask = 2147483647;
			files = (
			);
			runOnlyForDeploymentPostprocessing = 0;
		};
/* End PBXResourcesBuildPhase section */

/* Begin PBXShellScriptBuildPhase section */
		0ABC4C030249269CE8E30946 /* [CP] Check Pods Manifest.lock */ = {
			isa = PBXShellScriptBuildPhase;
			buildActionMask = 2147483647;
			files = (
			);
			inputFileListPaths = (
			);
			inputPaths = (
				"${PODS_PODFILE_DIR_PATH}/Podfile.lock",
				"${PODS_ROOT}/Manifest.lock",
			);
			name = "[CP] Check Pods Manifest.lock";
			outputFileListPaths = (
			);
			outputPaths = (
				"$(DERIVED_FILE_DIR)/Pods-iOS-Weather-AppTests-checkManifestLockResult.txt",
			);
			runOnlyForDeploymentPostprocessing = 0;
			shellPath = /bin/sh;
			shellScript = "diff \"${PODS_PODFILE_DIR_PATH}/Podfile.lock\" \"${PODS_ROOT}/Manifest.lock\" > /dev/null\nif [ $? != 0 ] ; then\n    # print error to STDERR\n    echo \"error: The sandbox is not in sync with the Podfile.lock. Run 'pod install' or update your CocoaPods installation.\" >&2\n    exit 1\nfi\n# This output is used by Xcode 'outputs' to avoid re-running this script phase.\necho \"SUCCESS\" > \"${SCRIPT_OUTPUT_FILE_0}\"\n";
			showEnvVarsInLog = 0;
		};
		1B2C9061D5230EA21546A617 /* [CP] Embed Pods Frameworks */ = {
			isa = PBXShellScriptBuildPhase;
			buildActionMask = 2147483647;
			files = (
			);
			inputFileListPaths = (
			);
			inputPaths = (
				"${SRCROOT}/Pods/Target Support Files/Pods-iOS-Weather-App/Pods-iOS-Weather-App-frameworks.sh",
				"${BUILT_PRODUCTS_DIR}/Alamofire/Alamofire.framework",
				"${BUILT_PRODUCTS_DIR}/AlamofireObjectMapper/AlamofireObjectMapper.framework",
				"${BUILT_PRODUCTS_DIR}/ObjectMapper/ObjectMapper.framework",
				"${BUILT_PRODUCTS_DIR}/SDWebImage/SDWebImage.framework",
				"${BUILT_PRODUCTS_DIR}/SwiftyJSON/SwiftyJSON.framework",
			);
			name = "[CP] Embed Pods Frameworks";
			outputFileListPaths = (
			);
			outputPaths = (
				"${TARGET_BUILD_DIR}/${FRAMEWORKS_FOLDER_PATH}/Alamofire.framework",
				"${TARGET_BUILD_DIR}/${FRAMEWORKS_FOLDER_PATH}/AlamofireObjectMapper.framework",
				"${TARGET_BUILD_DIR}/${FRAMEWORKS_FOLDER_PATH}/ObjectMapper.framework",
				"${TARGET_BUILD_DIR}/${FRAMEWORKS_FOLDER_PATH}/SDWebImage.framework",
				"${TARGET_BUILD_DIR}/${FRAMEWORKS_FOLDER_PATH}/SwiftyJSON.framework",
			);
			runOnlyForDeploymentPostprocessing = 0;
			shellPath = /bin/sh;
			shellScript = "\"${SRCROOT}/Pods/Target Support Files/Pods-iOS-Weather-App/Pods-iOS-Weather-App-frameworks.sh\"\n";
			showEnvVarsInLog = 0;
		};
		3BC16D91282252A8D1B2474A /* [CP] Check Pods Manifest.lock */ = {
			isa = PBXShellScriptBuildPhase;
			buildActionMask = 2147483647;
			files = (
			);
			inputFileListPaths = (
			);
			inputPaths = (
				"${PODS_PODFILE_DIR_PATH}/Podfile.lock",
				"${PODS_ROOT}/Manifest.lock",
			);
			name = "[CP] Check Pods Manifest.lock";
			outputFileListPaths = (
			);
			outputPaths = (
				"$(DERIVED_FILE_DIR)/Pods-iOS-Weather-AppUITests-checkManifestLockResult.txt",
			);
			runOnlyForDeploymentPostprocessing = 0;
			shellPath = /bin/sh;
			shellScript = "diff \"${PODS_PODFILE_DIR_PATH}/Podfile.lock\" \"${PODS_ROOT}/Manifest.lock\" > /dev/null\nif [ $? != 0 ] ; then\n    # print error to STDERR\n    echo \"error: The sandbox is not in sync with the Podfile.lock. Run 'pod install' or update your CocoaPods installation.\" >&2\n    exit 1\nfi\n# This output is used by Xcode 'outputs' to avoid re-running this script phase.\necho \"SUCCESS\" > \"${SCRIPT_OUTPUT_FILE_0}\"\n";
			showEnvVarsInLog = 0;
		};
		87C8E84F9AEF597B5D81C40C /* [CP] Check Pods Manifest.lock */ = {
			isa = PBXShellScriptBuildPhase;
			buildActionMask = 2147483647;
			files = (
			);
			inputFileListPaths = (
			);
			inputPaths = (
				"${PODS_PODFILE_DIR_PATH}/Podfile.lock",
				"${PODS_ROOT}/Manifest.lock",
			);
			name = "[CP] Check Pods Manifest.lock";
			outputFileListPaths = (
			);
			outputPaths = (
				"$(DERIVED_FILE_DIR)/Pods-iOS-Weather-App-checkManifestLockResult.txt",
			);
			runOnlyForDeploymentPostprocessing = 0;
			shellPath = /bin/sh;
			shellScript = "diff \"${PODS_PODFILE_DIR_PATH}/Podfile.lock\" \"${PODS_ROOT}/Manifest.lock\" > /dev/null\nif [ $? != 0 ] ; then\n    # print error to STDERR\n    echo \"error: The sandbox is not in sync with the Podfile.lock. Run 'pod install' or update your CocoaPods installation.\" >&2\n    exit 1\nfi\n# This output is used by Xcode 'outputs' to avoid re-running this script phase.\necho \"SUCCESS\" > \"${SCRIPT_OUTPUT_FILE_0}\"\n";
			showEnvVarsInLog = 0;
		};
/* End PBXShellScriptBuildPhase section */

/* Begin PBXSourcesBuildPhase section */
		EC214638215CBC88006D3D40 /* Sources */ = {
			isa = PBXSourcesBuildPhase;
			buildActionMask = 2147483647;
			files = (
				EC214642215CBC88006D3D40 /* ViewController.swift in Sources */,
				EC214640215CBC88006D3D40 /* AppDelegate.swift in Sources */,
				ECC4990E215CC2D000D5F393 /* Homepage_Router.swift in Sources */,
				ECC4990F215CC2D000D5F393 /* Homepage_ViewController.swift in Sources */,
				ECC49911215CC2D000D5F393 /* Homepage_Interactor.swift in Sources */,
				ECC4990D215CC2D000D5F393 /* Homepage_Presenter.swift in Sources */,
				ECC49910215CC2D000D5F393 /* Homepage_Protocols.swift in Sources */,
			);
			runOnlyForDeploymentPostprocessing = 0;
		};
		EC21464C215CBC8A006D3D40 /* Sources */ = {
			isa = PBXSourcesBuildPhase;
			buildActionMask = 2147483647;
			files = (
				EC214655215CBC8A006D3D40 /* iOS_Weather_AppTests.swift in Sources */,
			);
			runOnlyForDeploymentPostprocessing = 0;
		};
		EC214657215CBC8A006D3D40 /* Sources */ = {
			isa = PBXSourcesBuildPhase;
			buildActionMask = 2147483647;
			files = (
				EC214660215CBC8A006D3D40 /* iOS_Weather_AppUITests.swift in Sources */,
			);
			runOnlyForDeploymentPostprocessing = 0;
		};
/* End PBXSourcesBuildPhase section */

/* Begin PBXTargetDependency section */
		EC214652215CBC8A006D3D40 /* PBXTargetDependency */ = {
			isa = PBXTargetDependency;
			target = EC21463B215CBC88006D3D40 /* iOS-Weather-App */;
			targetProxy = EC214651215CBC8A006D3D40 /* PBXContainerItemProxy */;
		};
		EC21465D215CBC8A006D3D40 /* PBXTargetDependency */ = {
			isa = PBXTargetDependency;
			target = EC21463B215CBC88006D3D40 /* iOS-Weather-App */;
			targetProxy = EC21465C215CBC8A006D3D40 /* PBXContainerItemProxy */;
		};
/* End PBXTargetDependency section */

/* Begin PBXVariantGroup section */
		EC214643215CBC88006D3D40 /* Main.storyboard */ = {
			isa = PBXVariantGroup;
			children = (
				EC214644215CBC88006D3D40 /* Base */,
			);
			name = Main.storyboard;
			sourceTree = "<group>";
		};
		EC214648215CBC8A006D3D40 /* LaunchScreen.storyboard */ = {
			isa = PBXVariantGroup;
			children = (
				EC214649215CBC8A006D3D40 /* Base */,
			);
			name = LaunchScreen.storyboard;
			sourceTree = "<group>";
		};
/* End PBXVariantGroup section */

/* Begin XCBuildConfiguration section */
		EC214662215CBC8A006D3D40 /* Debug */ = {
			isa = XCBuildConfiguration;
			buildSettings = {
				ALWAYS_SEARCH_USER_PATHS = NO;
				CLANG_ANALYZER_NONNULL = YES;
				CLANG_ANALYZER_NUMBER_OBJECT_CONVERSION = YES_AGGRESSIVE;
				CLANG_CXX_LANGUAGE_STANDARD = "gnu++14";
				CLANG_CXX_LIBRARY = "libc++";
				CLANG_ENABLE_MODULES = YES;
				CLANG_ENABLE_OBJC_ARC = YES;
				CLANG_ENABLE_OBJC_WEAK = YES;
				CLANG_WARN_BLOCK_CAPTURE_AUTORELEASING = YES;
				CLANG_WARN_BOOL_CONVERSION = YES;
				CLANG_WARN_COMMA = YES;
				CLANG_WARN_CONSTANT_CONVERSION = YES;
				CLANG_WARN_DEPRECATED_OBJC_IMPLEMENTATIONS = YES;
				CLANG_WARN_DIRECT_OBJC_ISA_USAGE = YES_ERROR;
				CLANG_WARN_DOCUMENTATION_COMMENTS = YES;
				CLANG_WARN_EMPTY_BODY = YES;
				CLANG_WARN_ENUM_CONVERSION = YES;
				CLANG_WARN_INFINITE_RECURSION = YES;
				CLANG_WARN_INT_CONVERSION = YES;
				CLANG_WARN_NON_LITERAL_NULL_CONVERSION = YES;
				CLANG_WARN_OBJC_IMPLICIT_RETAIN_SELF = YES;
				CLANG_WARN_OBJC_LITERAL_CONVERSION = YES;
				CLANG_WARN_OBJC_ROOT_CLASS = YES_ERROR;
				CLANG_WARN_RANGE_LOOP_ANALYSIS = YES;
				CLANG_WARN_STRICT_PROTOTYPES = YES;
				CLANG_WARN_SUSPICIOUS_MOVE = YES;
				CLANG_WARN_UNGUARDED_AVAILABILITY = YES_AGGRESSIVE;
				CLANG_WARN_UNREACHABLE_CODE = YES;
				CLANG_WARN__DUPLICATE_METHOD_MATCH = YES;
				CODE_SIGN_IDENTITY = "iPhone Developer";
				COPY_PHASE_STRIP = NO;
				DEBUG_INFORMATION_FORMAT = dwarf;
				ENABLE_STRICT_OBJC_MSGSEND = YES;
				ENABLE_TESTABILITY = YES;
				GCC_C_LANGUAGE_STANDARD = gnu11;
				GCC_DYNAMIC_NO_PIC = NO;
				GCC_NO_COMMON_BLOCKS = YES;
				GCC_OPTIMIZATION_LEVEL = 0;
				GCC_PREPROCESSOR_DEFINITIONS = (
					"DEBUG=1",
					"$(inherited)",
				);
				GCC_WARN_64_TO_32_BIT_CONVERSION = YES;
				GCC_WARN_ABOUT_RETURN_TYPE = YES_ERROR;
				GCC_WARN_UNDECLARED_SELECTOR = YES;
				GCC_WARN_UNINITIALIZED_AUTOS = YES_AGGRESSIVE;
				GCC_WARN_UNUSED_FUNCTION = YES;
				GCC_WARN_UNUSED_VARIABLE = YES;
				IPHONEOS_DEPLOYMENT_TARGET = 12.0;
				MTL_ENABLE_DEBUG_INFO = INCLUDE_SOURCE;
				MTL_FAST_MATH = YES;
				ONLY_ACTIVE_ARCH = YES;
				SDKROOT = iphoneos;
				SWIFT_ACTIVE_COMPILATION_CONDITIONS = DEBUG;
				SWIFT_OPTIMIZATION_LEVEL = "-Onone";
			};
			name = Debug;
		};
		EC214663215CBC8A006D3D40 /* Release */ = {
			isa = XCBuildConfiguration;
			buildSettings = {
				ALWAYS_SEARCH_USER_PATHS = NO;
				CLANG_ANALYZER_NONNULL = YES;
				CLANG_ANALYZER_NUMBER_OBJECT_CONVERSION = YES_AGGRESSIVE;
				CLANG_CXX_LANGUAGE_STANDARD = "gnu++14";
				CLANG_CXX_LIBRARY = "libc++";
				CLANG_ENABLE_MODULES = YES;
				CLANG_ENABLE_OBJC_ARC = YES;
				CLANG_ENABLE_OBJC_WEAK = YES;
				CLANG_WARN_BLOCK_CAPTURE_AUTORELEASING = YES;
				CLANG_WARN_BOOL_CONVERSION = YES;
				CLANG_WARN_COMMA = YES;
				CLANG_WARN_CONSTANT_CONVERSION = YES;
				CLANG_WARN_DEPRECATED_OBJC_IMPLEMENTATIONS = YES;
				CLANG_WARN_DIRECT_OBJC_ISA_USAGE = YES_ERROR;
				CLANG_WARN_DOCUMENTATION_COMMENTS = YES;
				CLANG_WARN_EMPTY_BODY = YES;
				CLANG_WARN_ENUM_CONVERSION = YES;
				CLANG_WARN_INFINITE_RECURSION = YES;
				CLANG_WARN_INT_CONVERSION = YES;
				CLANG_WARN_NON_LITERAL_NULL_CONVERSION = YES;
				CLANG_WARN_OBJC_IMPLICIT_RETAIN_SELF = YES;
				CLANG_WARN_OBJC_LITERAL_CONVERSION = YES;
				CLANG_WARN_OBJC_ROOT_CLASS = YES_ERROR;
				CLANG_WARN_RANGE_LOOP_ANALYSIS = YES;
				CLANG_WARN_STRICT_PROTOTYPES = YES;
				CLANG_WARN_SUSPICIOUS_MOVE = YES;
				CLANG_WARN_UNGUARDED_AVAILABILITY = YES_AGGRESSIVE;
				CLANG_WARN_UNREACHABLE_CODE = YES;
				CLANG_WARN__DUPLICATE_METHOD_MATCH = YES;
				CODE_SIGN_IDENTITY = "iPhone Developer";
				COPY_PHASE_STRIP = NO;
				DEBUG_INFORMATION_FORMAT = "dwarf-with-dsym";
				ENABLE_NS_ASSERTIONS = NO;
				ENABLE_STRICT_OBJC_MSGSEND = YES;
				GCC_C_LANGUAGE_STANDARD = gnu11;
				GCC_NO_COMMON_BLOCKS = YES;
				GCC_WARN_64_TO_32_BIT_CONVERSION = YES;
				GCC_WARN_ABOUT_RETURN_TYPE = YES_ERROR;
				GCC_WARN_UNDECLARED_SELECTOR = YES;
				GCC_WARN_UNINITIALIZED_AUTOS = YES_AGGRESSIVE;
				GCC_WARN_UNUSED_FUNCTION = YES;
				GCC_WARN_UNUSED_VARIABLE = YES;
				IPHONEOS_DEPLOYMENT_TARGET = 12.0;
				MTL_ENABLE_DEBUG_INFO = NO;
				MTL_FAST_MATH = YES;
				SDKROOT = iphoneos;
				SWIFT_COMPILATION_MODE = wholemodule;
				SWIFT_OPTIMIZATION_LEVEL = "-O";
				VALIDATE_PRODUCT = YES;
			};
			name = Release;
		};
		EC214665215CBC8A006D3D40 /* Debug */ = {
			isa = XCBuildConfiguration;
			baseConfigurationReference = 844FDE21924CD5B67212B0AF /* Pods-iOS-Weather-App.debug.xcconfig */;
			buildSettings = {
				ASSETCATALOG_COMPILER_APPICON_NAME = AppIcon;
				CODE_SIGN_STYLE = Automatic;
				DEVELOPMENT_TEAM = CZFH54W5SZ;
				INFOPLIST_FILE = "iOS-Weather-App/Info.plist";
				LD_RUNPATH_SEARCH_PATHS = (
					"$(inherited)",
					"@executable_path/Frameworks",
				);
				PRODUCT_BUNDLE_IDENTIFIER = "bridgetech.iOS-Weather-App";
				PRODUCT_NAME = "$(TARGET_NAME)";
				SWIFT_VERSION = 4.2;
				TARGETED_DEVICE_FAMILY = "1,2";
			};
			name = Debug;
		};
		EC214666215CBC8A006D3D40 /* Release */ = {
			isa = XCBuildConfiguration;
			baseConfigurationReference = BF0AB82436E114F3EFA1C1EF /* Pods-iOS-Weather-App.release.xcconfig */;
			buildSettings = {
				ASSETCATALOG_COMPILER_APPICON_NAME = AppIcon;
				CODE_SIGN_STYLE = Automatic;
				DEVELOPMENT_TEAM = CZFH54W5SZ;
				INFOPLIST_FILE = "iOS-Weather-App/Info.plist";
				LD_RUNPATH_SEARCH_PATHS = (
					"$(inherited)",
					"@executable_path/Frameworks",
				);
				PRODUCT_BUNDLE_IDENTIFIER = "bridgetech.iOS-Weather-App";
				PRODUCT_NAME = "$(TARGET_NAME)";
				SWIFT_VERSION = 4.2;
				TARGETED_DEVICE_FAMILY = "1,2";
			};
			name = Release;
		};
		EC214668215CBC8A006D3D40 /* Debug */ = {
			isa = XCBuildConfiguration;
			baseConfigurationReference = D011152A9A5789B0F0BBDE8F /* Pods-iOS-Weather-AppTests.debug.xcconfig */;
			buildSettings = {
				ALWAYS_EMBED_SWIFT_STANDARD_LIBRARIES = YES;
				BUNDLE_LOADER = "$(TEST_HOST)";
				CODE_SIGN_STYLE = Automatic;
				DEVELOPMENT_TEAM = CZFH54W5SZ;
				INFOPLIST_FILE = "iOS-Weather-AppTests/Info.plist";
				LD_RUNPATH_SEARCH_PATHS = (
					"$(inherited)",
					"@executable_path/Frameworks",
					"@loader_path/Frameworks",
				);
				PRODUCT_BUNDLE_IDENTIFIER = "bridgetech.iOS-Weather-AppTests";
				PRODUCT_NAME = "$(TARGET_NAME)";
				SWIFT_VERSION = 4.2;
				TARGETED_DEVICE_FAMILY = "1,2";
				TEST_HOST = "$(BUILT_PRODUCTS_DIR)/iOS-Weather-App.app/iOS-Weather-App";
			};
			name = Debug;
		};
		EC214669215CBC8A006D3D40 /* Release */ = {
			isa = XCBuildConfiguration;
			baseConfigurationReference = C6F16F9BB76E5702E618FA20 /* Pods-iOS-Weather-AppTests.release.xcconfig */;
			buildSettings = {
				ALWAYS_EMBED_SWIFT_STANDARD_LIBRARIES = YES;
				BUNDLE_LOADER = "$(TEST_HOST)";
				CODE_SIGN_STYLE = Automatic;
				DEVELOPMENT_TEAM = CZFH54W5SZ;
				INFOPLIST_FILE = "iOS-Weather-AppTests/Info.plist";
				LD_RUNPATH_SEARCH_PATHS = (
					"$(inherited)",
					"@executable_path/Frameworks",
					"@loader_path/Frameworks",
				);
				PRODUCT_BUNDLE_IDENTIFIER = "bridgetech.iOS-Weather-AppTests";
				PRODUCT_NAME = "$(TARGET_NAME)";
				SWIFT_VERSION = 4.2;
				TARGETED_DEVICE_FAMILY = "1,2";
				TEST_HOST = "$(BUILT_PRODUCTS_DIR)/iOS-Weather-App.app/iOS-Weather-App";
			};
			name = Release;
		};
		EC21466B215CBC8A006D3D40 /* Debug */ = {
			isa = XCBuildConfiguration;
			baseConfigurationReference = 821AF5184B0B8184B18FB680 /* Pods-iOS-Weather-AppUITests.debug.xcconfig */;
			buildSettings = {
				ALWAYS_EMBED_SWIFT_STANDARD_LIBRARIES = YES;
				CODE_SIGN_STYLE = Automatic;
				DEVELOPMENT_TEAM = CZFH54W5SZ;
				INFOPLIST_FILE = "iOS-Weather-AppUITests/Info.plist";
				LD_RUNPATH_SEARCH_PATHS = (
					"$(inherited)",
					"@executable_path/Frameworks",
					"@loader_path/Frameworks",
				);
				PRODUCT_BUNDLE_IDENTIFIER = "bridgetech.iOS-Weather-AppUITests";
				PRODUCT_NAME = "$(TARGET_NAME)";
				SWIFT_VERSION = 4.2;
				TARGETED_DEVICE_FAMILY = "1,2";
				TEST_TARGET_NAME = "iOS-Weather-App";
			};
			name = Debug;
		};
		EC21466C215CBC8A006D3D40 /* Release */ = {
			isa = XCBuildConfiguration;
			baseConfigurationReference = 08CBDAA6D86A8CD6928F06A0 /* Pods-iOS-Weather-AppUITests.release.xcconfig */;
			buildSettings = {
				ALWAYS_EMBED_SWIFT_STANDARD_LIBRARIES = YES;
				CODE_SIGN_STYLE = Automatic;
				DEVELOPMENT_TEAM = CZFH54W5SZ;
				INFOPLIST_FILE = "iOS-Weather-AppUITests/Info.plist";
				LD_RUNPATH_SEARCH_PATHS = (
					"$(inherited)",
					"@executable_path/Frameworks",
					"@loader_path/Frameworks",
				);
				PRODUCT_BUNDLE_IDENTIFIER = "bridgetech.iOS-Weather-AppUITests";
				PRODUCT_NAME = "$(TARGET_NAME)";
				SWIFT_VERSION = 4.2;
				TARGETED_DEVICE_FAMILY = "1,2";
				TEST_TARGET_NAME = "iOS-Weather-App";
			};
			name = Release;
		};
/* End XCBuildConfiguration section */

/* Begin XCConfigurationList section */
		EC214637215CBC88006D3D40 /* Build configuration list for PBXProject "iOS-Weather-App" */ = {
			isa = XCConfigurationList;
			buildConfigurations = (
				EC214662215CBC8A006D3D40 /* Debug */,
				EC214663215CBC8A006D3D40 /* Release */,
			);
			defaultConfigurationIsVisible = 0;
			defaultConfigurationName = Release;
		};
		EC214664215CBC8A006D3D40 /* Build configuration list for PBXNativeTarget "iOS-Weather-App" */ = {
			isa = XCConfigurationList;
			buildConfigurations = (
				EC214665215CBC8A006D3D40 /* Debug */,
				EC214666215CBC8A006D3D40 /* Release */,
			);
			defaultConfigurationIsVisible = 0;
			defaultConfigurationName = Release;
		};
		EC214667215CBC8A006D3D40 /* Build configuration list for PBXNativeTarget "iOS-Weather-AppTests" */ = {
			isa = XCConfigurationList;
			buildConfigurations = (
				EC214668215CBC8A006D3D40 /* Debug */,
				EC214669215CBC8A006D3D40 /* Release */,
			);
			defaultConfigurationIsVisible = 0;
			defaultConfigurationName = Release;
		};
		EC21466A215CBC8A006D3D40 /* Build configuration list for PBXNativeTarget "iOS-Weather-AppUITests" */ = {
			isa = XCConfigurationList;
			buildConfigurations = (
				EC21466B215CBC8A006D3D40 /* Debug */,
				EC21466C215CBC8A006D3D40 /* Release */,
			);
			defaultConfigurationIsVisible = 0;
			defaultConfigurationName = Release;
		};
/* End XCConfigurationList section */
	};
	rootObject = EC214634215CBC88006D3D40 /* Project object */;
}
